// !$*UTF8*$!
{
	archiveVersion = 1;
	classes = {
	};
	objectVersion = 55;
	objects = {

/* Begin PBXBuildFile section */
		792A8900293D670100DEBF66 /* Day+CoreDataClass.swift in Sources */ = {isa = PBXBuildFile; fileRef = 792A88FE293D670100DEBF66 /* Day+CoreDataClass.swift */; };
		792A8901293D670100DEBF66 /* Day+CoreDataProperties.swift in Sources */ = {isa = PBXBuildFile; fileRef = 792A88FF293D670100DEBF66 /* Day+CoreDataProperties.swift */; };
		792ECCD2293AB554009FD5FB /* StringExtension.swift in Sources */ = {isa = PBXBuildFile; fileRef = 792ECCD1293AB554009FD5FB /* StringExtension.swift */; };
		7935BDE42933FEE500B06292 /* ImageExtension.swift in Sources */ = {isa = PBXBuildFile; fileRef = 7935BDE32933FEE400B06292 /* ImageExtension.swift */; };
		7935BDE7293405E600B06292 /* VisualizePresenter.swift in Sources */ = {isa = PBXBuildFile; fileRef = 7935BDE6293405E600B06292 /* VisualizePresenter.swift */; };
		7935BDE9293405ED00B06292 /* VisualizeVC.swift in Sources */ = {isa = PBXBuildFile; fileRef = 7935BDE8293405ED00B06292 /* VisualizeVC.swift */; };
		7935BDEB2935146600B06292 /* VisualizeModel.swift in Sources */ = {isa = PBXBuildFile; fileRef = 7935BDEA2935146600B06292 /* VisualizeModel.swift */; };
		7935BDEE2935445B00B06292 /* NumberOfCigarettesView.swift in Sources */ = {isa = PBXBuildFile; fileRef = 7935BDED2935445B00B06292 /* NumberOfCigarettesView.swift */; };
		7935BDF0293559B600B06292 /* VisualizeTVC.swift in Sources */ = {isa = PBXBuildFile; fileRef = 7935BDEF293559B600B06292 /* VisualizeTVC.swift */; };
		7935BDF22935691600B06292 /* Images.xcassets in Resources */ = {isa = PBXBuildFile; fileRef = 7935BDF12935691600B06292 /* Images.xcassets */; };
		7935BDF429367E0A00B06292 /* PopUpView.swift in Sources */ = {isa = PBXBuildFile; fileRef = 7935BDF329367E0900B06292 /* PopUpView.swift */; };
		7935BDF72936A5F500B06292 /* HealthPresenter.swift in Sources */ = {isa = PBXBuildFile; fileRef = 7935BDF62936A5F500B06292 /* HealthPresenter.swift */; };
		7935BDF92936A60000B06292 /* HealthVC.swift in Sources */ = {isa = PBXBuildFile; fileRef = 7935BDF82936A60000B06292 /* HealthVC.swift */; };
		7935BDFB2936A60800B06292 /* HealthModel.swift in Sources */ = {isa = PBXBuildFile; fileRef = 7935BDFA2936A60800B06292 /* HealthModel.swift */; };
		7935BDFE2936B94500B06292 /* HealthStatisticTVC.swift in Sources */ = {isa = PBXBuildFile; fileRef = 7935BDFD2936B94500B06292 /* HealthStatisticTVC.swift */; };
		793A4B52293961B800325DE8 /* CalendarView.swift in Sources */ = {isa = PBXBuildFile; fileRef = 793A4B51293961B800325DE8 /* CalendarView.swift */; };
		793A4B54293961C100325DE8 /* CalendarPresenter.swift in Sources */ = {isa = PBXBuildFile; fileRef = 793A4B53293961C100325DE8 /* CalendarPresenter.swift */; };
		79524D8B292C013000C943CB /* DefaultAppButton.swift in Sources */ = {isa = PBXBuildFile; fileRef = 79524D8A292C013000C943CB /* DefaultAppButton.swift */; };
		79524D8D292C03BF00C943CB /* ColorExtension.swift in Sources */ = {isa = PBXBuildFile; fileRef = 79524D8C292C03BF00C943CB /* ColorExtension.swift */; };
		79524D92292C0BA300C943CB /* RestoreDataViewLocalized.strings in Resources */ = {isa = PBXBuildFile; fileRef = 79524D94292C0BA300C943CB /* RestoreDataViewLocalized.strings */; };
		79524D97292C0CD000C943CB /* LocalizeExtension.swift in Sources */ = {isa = PBXBuildFile; fileRef = 79524D96292C0CD000C943CB /* LocalizeExtension.swift */; };
		79524D9F292D841100C943CB /* InfoUIView.swift in Sources */ = {isa = PBXBuildFile; fileRef = 79524D9E292D841100C943CB /* InfoUIView.swift */; };
		79524DA1292EBCF600C943CB /* DateExtension.swift in Sources */ = {isa = PBXBuildFile; fileRef = 79524DA0292EBCF600C943CB /* DateExtension.swift */; };
		79524DA3292F93E200C943CB /* AllTimeStatisticTVC.swift in Sources */ = {isa = PBXBuildFile; fileRef = 79524DA2292F93E200C943CB /* AllTimeStatisticTVC.swift */; };
		79524DAB2930228200C943CB /* Router.swift in Sources */ = {isa = PBXBuildFile; fileRef = 79524DAA2930228200C943CB /* Router.swift */; };
		79524DAF293118D800C943CB /* SmokeViewPresenter.swift in Sources */ = {isa = PBXBuildFile; fileRef = 79524DAE293118D800C943CB /* SmokeViewPresenter.swift */; };
		79524DB1293118E300C943CB /* SmokeViewVC.swift in Sources */ = {isa = PBXBuildFile; fileRef = 79524DB0293118E300C943CB /* SmokeViewVC.swift */; };
		79524DB4293161E800C943CB /* SmokeButton.swift in Sources */ = {isa = PBXBuildFile; fileRef = 79524DB3293161E800C943CB /* SmokeButton.swift */; };
		79524DB629316F9900C943CB /* TodayInfoTVC.swift in Sources */ = {isa = PBXBuildFile; fileRef = 79524DB529316F9900C943CB /* TodayInfoTVC.swift */; };
		79524DB8293174FD00C943CB /* IntExtension.swift in Sources */ = {isa = PBXBuildFile; fileRef = 79524DB7293174FD00C943CB /* IntExtension.swift */; };
		7976BE4E291EA40400F0EB20 /* AppDelegate.swift in Sources */ = {isa = PBXBuildFile; fileRef = 7976BE4D291EA40400F0EB20 /* AppDelegate.swift */; };
		7976BE50291EA40400F0EB20 /* SceneDelegate.swift in Sources */ = {isa = PBXBuildFile; fileRef = 7976BE4F291EA40400F0EB20 /* SceneDelegate.swift */; };
		7976BE52291EA40400F0EB20 /* HomeVC.swift in Sources */ = {isa = PBXBuildFile; fileRef = 7976BE51291EA40400F0EB20 /* HomeVC.swift */; };
		7976BE57291EA40800F0EB20 /* Assets.xcassets in Resources */ = {isa = PBXBuildFile; fileRef = 7976BE56291EA40800F0EB20 /* Assets.xcassets */; };
		7976BE5A291EA40800F0EB20 /* LaunchScreen.storyboard in Resources */ = {isa = PBXBuildFile; fileRef = 7976BE58291EA40800F0EB20 /* LaunchScreen.storyboard */; };
		7976BE63291EB5B200F0EB20 /* AssemblerBuilderProtocol.swift in Sources */ = {isa = PBXBuildFile; fileRef = 7976BE62291EB5B200F0EB20 /* AssemblerBuilderProtocol.swift */; };
		7976BE66291EBF3900F0EB20 /* HomePresenter.swift in Sources */ = {isa = PBXBuildFile; fileRef = 7976BE65291EBF3900F0EB20 /* HomePresenter.swift */; };
		7976BE6B291EDDF900F0EB20 /* StopSmokeModel.xcdatamodeld in Sources */ = {isa = PBXBuildFile; fileRef = 7976BE69291EDDF900F0EB20 /* StopSmokeModel.xcdatamodeld */; };
		798993C329250854006EE79A /* CoreDataManager.swift in Sources */ = {isa = PBXBuildFile; fileRef = 798993C229250854006EE79A /* CoreDataManager.swift */; };
		798993C9292ADAF8006EE79A /* DayInfo+CoreDataClass.swift in Sources */ = {isa = PBXBuildFile; fileRef = 798993C5292ADAF8006EE79A /* DayInfo+CoreDataClass.swift */; };
		798993CA292ADAF8006EE79A /* DayInfo+CoreDataProperties.swift in Sources */ = {isa = PBXBuildFile; fileRef = 798993C6292ADAF8006EE79A /* DayInfo+CoreDataProperties.swift */; };
		798993CF292ADCB6006EE79A /* RestoreDataView.swift in Sources */ = {isa = PBXBuildFile; fileRef = 798993CE292ADCB6006EE79A /* RestoreDataView.swift */; };
		798993D1292ADCC0006EE79A /* RestoreDataPresenter.swift in Sources */ = {isa = PBXBuildFile; fileRef = 798993D0292ADCC0006EE79A /* RestoreDataPresenter.swift */; };
		798993D4292AE4E4006EE79A /* CalendatExtension.swift in Sources */ = {isa = PBXBuildFile; fileRef = 798993D3292AE4E4006EE79A /* CalendatExtension.swift */; };
		799448672937992500E85E7E /* MoneyVC.swift in Sources */ = {isa = PBXBuildFile; fileRef = 799448662937992500E85E7E /* MoneyVC.swift */; };
		7994486A2937993A00E85E7E /* MoneyPresenter.swift in Sources */ = {isa = PBXBuildFile; fileRef = 799448692937993A00E85E7E /* MoneyPresenter.swift */; };
		7994486D2937A9D300E85E7E /* SaveButton.swift in Sources */ = {isa = PBXBuildFile; fileRef = 7994486C2937A9D300E85E7E /* SaveButton.swift */; };
		799448852937AF2600E85E7E /* CigarettePacks+CoreDataProperties.swift in Sources */ = {isa = PBXBuildFile; fileRef = 799448832937AF2600E85E7E /* CigarettePacks+CoreDataProperties.swift */; };
		799448862937AF2600E85E7E /* CigarettePacks+CoreDataClass.swift in Sources */ = {isa = PBXBuildFile; fileRef = 799448842937AF2600E85E7E /* CigarettePacks+CoreDataClass.swift */; };
		799448882937B24300E85E7E /* CigarettePackTVC.swift in Sources */ = {isa = PBXBuildFile; fileRef = 799448872937B24300E85E7E /* CigarettePackTVC.swift */; };
		7994488A2937C6A400E85E7E /* DoubleExtension.swift in Sources */ = {isa = PBXBuildFile; fileRef = 799448892937C6A400E85E7E /* DoubleExtension.swift */; };
		7994488E293819CE00E85E7E /* UserDefaultsManager.swift in Sources */ = {isa = PBXBuildFile; fileRef = 7994488D293819CE00E85E7E /* UserDefaultsManager.swift */; };
		C09072B94644EA204A77429F /* Pods_StopSmoke.framework in Frameworks */ = {isa = PBXBuildFile; fileRef = CDE16D59CCD2BC3F0FDEE01D /* Pods_StopSmoke.framework */; };
/* End PBXBuildFile section */

/* Begin PBXFileReference section */
		792A88FE293D670100DEBF66 /* Day+CoreDataClass.swift */ = {isa = PBXFileReference; lastKnownFileType = sourcecode.swift; path = "Day+CoreDataClass.swift"; sourceTree = "<group>"; };
		792A88FF293D670100DEBF66 /* Day+CoreDataProperties.swift */ = {isa = PBXFileReference; lastKnownFileType = sourcecode.swift; path = "Day+CoreDataProperties.swift"; sourceTree = "<group>"; };
		792ECCD1293AB554009FD5FB /* StringExtension.swift */ = {isa = PBXFileReference; lastKnownFileType = sourcecode.swift; path = StringExtension.swift; sourceTree = "<group>"; };
		7935BDE32933FEE400B06292 /* ImageExtension.swift */ = {isa = PBXFileReference; lastKnownFileType = sourcecode.swift; path = ImageExtension.swift; sourceTree = "<group>"; };
		7935BDE6293405E600B06292 /* VisualizePresenter.swift */ = {isa = PBXFileReference; lastKnownFileType = sourcecode.swift; path = VisualizePresenter.swift; sourceTree = "<group>"; };
		7935BDE8293405ED00B06292 /* VisualizeVC.swift */ = {isa = PBXFileReference; lastKnownFileType = sourcecode.swift; path = VisualizeVC.swift; sourceTree = "<group>"; };
		7935BDEA2935146600B06292 /* VisualizeModel.swift */ = {isa = PBXFileReference; lastKnownFileType = sourcecode.swift; path = VisualizeModel.swift; sourceTree = "<group>"; };
		7935BDED2935445B00B06292 /* NumberOfCigarettesView.swift */ = {isa = PBXFileReference; lastKnownFileType = sourcecode.swift; path = NumberOfCigarettesView.swift; sourceTree = "<group>"; };
		7935BDEF293559B600B06292 /* VisualizeTVC.swift */ = {isa = PBXFileReference; lastKnownFileType = sourcecode.swift; path = VisualizeTVC.swift; sourceTree = "<group>"; };
		7935BDF12935691600B06292 /* Images.xcassets */ = {isa = PBXFileReference; lastKnownFileType = folder.assetcatalog; path = Images.xcassets; sourceTree = "<group>"; };
		7935BDF329367E0900B06292 /* PopUpView.swift */ = {isa = PBXFileReference; lastKnownFileType = sourcecode.swift; path = PopUpView.swift; sourceTree = "<group>"; };
		7935BDF62936A5F500B06292 /* HealthPresenter.swift */ = {isa = PBXFileReference; lastKnownFileType = sourcecode.swift; path = HealthPresenter.swift; sourceTree = "<group>"; };
		7935BDF82936A60000B06292 /* HealthVC.swift */ = {isa = PBXFileReference; lastKnownFileType = sourcecode.swift; path = HealthVC.swift; sourceTree = "<group>"; };
		7935BDFA2936A60800B06292 /* HealthModel.swift */ = {isa = PBXFileReference; lastKnownFileType = sourcecode.swift; path = HealthModel.swift; sourceTree = "<group>"; };
		7935BDFD2936B94500B06292 /* HealthStatisticTVC.swift */ = {isa = PBXFileReference; lastKnownFileType = sourcecode.swift; path = HealthStatisticTVC.swift; sourceTree = "<group>"; };
		793A4B51293961B800325DE8 /* CalendarView.swift */ = {isa = PBXFileReference; lastKnownFileType = sourcecode.swift; path = CalendarView.swift; sourceTree = "<group>"; };
		793A4B53293961C100325DE8 /* CalendarPresenter.swift */ = {isa = PBXFileReference; lastKnownFileType = sourcecode.swift; path = CalendarPresenter.swift; sourceTree = "<group>"; };
		79524D8A292C013000C943CB /* DefaultAppButton.swift */ = {isa = PBXFileReference; lastKnownFileType = sourcecode.swift; path = DefaultAppButton.swift; sourceTree = "<group>"; };
		79524D8C292C03BF00C943CB /* ColorExtension.swift */ = {isa = PBXFileReference; lastKnownFileType = sourcecode.swift; path = ColorExtension.swift; sourceTree = "<group>"; };
		79524D8E292C0B8300C943CB /* ru */ = {isa = PBXFileReference; lastKnownFileType = text.plist.strings; name = ru; path = ru.lproj/LaunchScreen.strings; sourceTree = "<group>"; };
		79524D93292C0BA300C943CB /* en */ = {isa = PBXFileReference; lastKnownFileType = text.plist.strings; name = en; path = en.lproj/RestoreDataViewLocalized.strings; sourceTree = "<group>"; };
		79524D95292C0BA400C943CB /* ru */ = {isa = PBXFileReference; lastKnownFileType = text.plist.strings; name = ru; path = ru.lproj/RestoreDataViewLocalized.strings; sourceTree = "<group>"; };
		79524D96292C0CD000C943CB /* LocalizeExtension.swift */ = {isa = PBXFileReference; lastKnownFileType = sourcecode.swift; path = LocalizeExtension.swift; sourceTree = "<group>"; };
		79524D9E292D841100C943CB /* InfoUIView.swift */ = {isa = PBXFileReference; lastKnownFileType = sourcecode.swift; path = InfoUIView.swift; sourceTree = "<group>"; };
		79524DA0292EBCF600C943CB /* DateExtension.swift */ = {isa = PBXFileReference; lastKnownFileType = sourcecode.swift; path = DateExtension.swift; sourceTree = "<group>"; };
		79524DA2292F93E200C943CB /* AllTimeStatisticTVC.swift */ = {isa = PBXFileReference; lastKnownFileType = sourcecode.swift; path = AllTimeStatisticTVC.swift; sourceTree = "<group>"; };
		79524DAA2930228200C943CB /* Router.swift */ = {isa = PBXFileReference; lastKnownFileType = sourcecode.swift; path = Router.swift; sourceTree = "<group>"; };
		79524DAE293118D800C943CB /* SmokeViewPresenter.swift */ = {isa = PBXFileReference; lastKnownFileType = sourcecode.swift; path = SmokeViewPresenter.swift; sourceTree = "<group>"; };
		79524DB0293118E300C943CB /* SmokeViewVC.swift */ = {isa = PBXFileReference; lastKnownFileType = sourcecode.swift; path = SmokeViewVC.swift; sourceTree = "<group>"; };
		79524DB3293161E800C943CB /* SmokeButton.swift */ = {isa = PBXFileReference; lastKnownFileType = sourcecode.swift; path = SmokeButton.swift; sourceTree = "<group>"; };
		79524DB529316F9900C943CB /* TodayInfoTVC.swift */ = {isa = PBXFileReference; lastKnownFileType = sourcecode.swift; path = TodayInfoTVC.swift; sourceTree = "<group>"; };
		79524DB7293174FD00C943CB /* IntExtension.swift */ = {isa = PBXFileReference; lastKnownFileType = sourcecode.swift; path = IntExtension.swift; sourceTree = "<group>"; };
		7976BE4A291EA40400F0EB20 /* StopSmoke.app */ = {isa = PBXFileReference; explicitFileType = wrapper.application; includeInIndex = 0; path = StopSmoke.app; sourceTree = BUILT_PRODUCTS_DIR; };
		7976BE4D291EA40400F0EB20 /* AppDelegate.swift */ = {isa = PBXFileReference; lastKnownFileType = sourcecode.swift; path = AppDelegate.swift; sourceTree = "<group>"; };
		7976BE4F291EA40400F0EB20 /* SceneDelegate.swift */ = {isa = PBXFileReference; lastKnownFileType = sourcecode.swift; path = SceneDelegate.swift; sourceTree = "<group>"; };
		7976BE51291EA40400F0EB20 /* HomeVC.swift */ = {isa = PBXFileReference; lastKnownFileType = sourcecode.swift; path = HomeVC.swift; sourceTree = "<group>"; };
		7976BE56291EA40800F0EB20 /* Assets.xcassets */ = {isa = PBXFileReference; lastKnownFileType = folder.assetcatalog; path = Assets.xcassets; sourceTree = "<group>"; };
		7976BE59291EA40800F0EB20 /* Base */ = {isa = PBXFileReference; lastKnownFileType = file.storyboard; name = Base; path = Base.lproj/LaunchScreen.storyboard; sourceTree = "<group>"; };
		7976BE5B291EA40800F0EB20 /* Info.plist */ = {isa = PBXFileReference; lastKnownFileType = text.plist.xml; path = Info.plist; sourceTree = "<group>"; };
		7976BE62291EB5B200F0EB20 /* AssemblerBuilderProtocol.swift */ = {isa = PBXFileReference; lastKnownFileType = sourcecode.swift; path = AssemblerBuilderProtocol.swift; sourceTree = "<group>"; };
		7976BE65291EBF3900F0EB20 /* HomePresenter.swift */ = {isa = PBXFileReference; lastKnownFileType = sourcecode.swift; path = HomePresenter.swift; sourceTree = "<group>"; };
		7976BE6A291EDDF900F0EB20 /* StopSmokeModel.xcdatamodel */ = {isa = PBXFileReference; lastKnownFileType = wrapper.xcdatamodel; path = StopSmokeModel.xcdatamodel; sourceTree = "<group>"; };
		798993C229250854006EE79A /* CoreDataManager.swift */ = {isa = PBXFileReference; lastKnownFileType = sourcecode.swift; path = CoreDataManager.swift; sourceTree = "<group>"; };
		798993C5292ADAF8006EE79A /* DayInfo+CoreDataClass.swift */ = {isa = PBXFileReference; lastKnownFileType = sourcecode.swift; path = "DayInfo+CoreDataClass.swift"; sourceTree = "<group>"; };
		798993C6292ADAF8006EE79A /* DayInfo+CoreDataProperties.swift */ = {isa = PBXFileReference; lastKnownFileType = sourcecode.swift; path = "DayInfo+CoreDataProperties.swift"; sourceTree = "<group>"; };
		798993CE292ADCB6006EE79A /* RestoreDataView.swift */ = {isa = PBXFileReference; lastKnownFileType = sourcecode.swift; path = RestoreDataView.swift; sourceTree = "<group>"; };
		798993D0292ADCC0006EE79A /* RestoreDataPresenter.swift */ = {isa = PBXFileReference; lastKnownFileType = sourcecode.swift; path = RestoreDataPresenter.swift; sourceTree = "<group>"; };
		798993D3292AE4E4006EE79A /* CalendatExtension.swift */ = {isa = PBXFileReference; lastKnownFileType = sourcecode.swift; path = CalendatExtension.swift; sourceTree = "<group>"; };
		799448662937992500E85E7E /* MoneyVC.swift */ = {isa = PBXFileReference; lastKnownFileType = sourcecode.swift; path = MoneyVC.swift; sourceTree = "<group>"; };
		799448692937993A00E85E7E /* MoneyPresenter.swift */ = {isa = PBXFileReference; lastKnownFileType = sourcecode.swift; path = MoneyPresenter.swift; sourceTree = "<group>"; };
		7994486C2937A9D300E85E7E /* SaveButton.swift */ = {isa = PBXFileReference; lastKnownFileType = sourcecode.swift; path = SaveButton.swift; sourceTree = "<group>"; };
		799448832937AF2600E85E7E /* CigarettePacks+CoreDataProperties.swift */ = {isa = PBXFileReference; fileEncoding = 4; lastKnownFileType = sourcecode.swift; path = "CigarettePacks+CoreDataProperties.swift"; sourceTree = "<group>"; };
		799448842937AF2600E85E7E /* CigarettePacks+CoreDataClass.swift */ = {isa = PBXFileReference; fileEncoding = 4; lastKnownFileType = sourcecode.swift; path = "CigarettePacks+CoreDataClass.swift"; sourceTree = "<group>"; };
		799448872937B24300E85E7E /* CigarettePackTVC.swift */ = {isa = PBXFileReference; lastKnownFileType = sourcecode.swift; path = CigarettePackTVC.swift; sourceTree = "<group>"; };
		799448892937C6A400E85E7E /* DoubleExtension.swift */ = {isa = PBXFileReference; lastKnownFileType = sourcecode.swift; path = DoubleExtension.swift; sourceTree = "<group>"; };
		7994488D293819CE00E85E7E /* UserDefaultsManager.swift */ = {isa = PBXFileReference; lastKnownFileType = sourcecode.swift; path = UserDefaultsManager.swift; sourceTree = "<group>"; };
		B874196A24430E6E1099AF5A /* Pods-StopSmoke.release.xcconfig */ = {isa = PBXFileReference; includeInIndex = 1; lastKnownFileType = text.xcconfig; name = "Pods-StopSmoke.release.xcconfig"; path = "Target Support Files/Pods-StopSmoke/Pods-StopSmoke.release.xcconfig"; sourceTree = "<group>"; };
		CDE16D59CCD2BC3F0FDEE01D /* Pods_StopSmoke.framework */ = {isa = PBXFileReference; explicitFileType = wrapper.framework; includeInIndex = 0; path = Pods_StopSmoke.framework; sourceTree = BUILT_PRODUCTS_DIR; };
		D12D4A2D65AC1FDFCE800D6A /* Pods-StopSmoke.debug.xcconfig */ = {isa = PBXFileReference; includeInIndex = 1; lastKnownFileType = text.xcconfig; name = "Pods-StopSmoke.debug.xcconfig"; path = "Target Support Files/Pods-StopSmoke/Pods-StopSmoke.debug.xcconfig"; sourceTree = "<group>"; };
/* End PBXFileReference section */

/* Begin PBXFrameworksBuildPhase section */
		7976BE47291EA40400F0EB20 /* Frameworks */ = {
			isa = PBXFrameworksBuildPhase;
			buildActionMask = 2147483647;
			files = (
				C09072B94644EA204A77429F /* Pods_StopSmoke.framework in Frameworks */,
			);
			runOnlyForDeploymentPostprocessing = 0;
		};
/* End PBXFrameworksBuildPhase section */

/* Begin PBXGroup section */
		05C57A9F9ED0DCD233F9ADA0 /* Frameworks */ = {
			isa = PBXGroup;
			children = (
				CDE16D59CCD2BC3F0FDEE01D /* Pods_StopSmoke.framework */,
			);
			name = Frameworks;
			sourceTree = "<group>";
		};
		7935BDE5293404F600B06292 /* VisualizeView */ = {
			isa = PBXGroup;
			children = (
				7935BDEC2935444000B06292 /* View */,
				7935BDE6293405E600B06292 /* VisualizePresenter.swift */,
				7935BDE8293405ED00B06292 /* VisualizeVC.swift */,
				7935BDEA2935146600B06292 /* VisualizeModel.swift */,
			);
			path = VisualizeView;
			sourceTree = "<group>";
		};
		7935BDEC2935444000B06292 /* View */ = {
			isa = PBXGroup;
			children = (
				7935BDED2935445B00B06292 /* NumberOfCigarettesView.swift */,
				7935BDEF293559B600B06292 /* VisualizeTVC.swift */,
			);
			path = View;
			sourceTree = "<group>";
		};
		7935BDF52936A5E500B06292 /* HealthView */ = {
			isa = PBXGroup;
			children = (
				7935BDFC2936B84B00B06292 /* Views */,
				7935BDF62936A5F500B06292 /* HealthPresenter.swift */,
				7935BDF82936A60000B06292 /* HealthVC.swift */,
				7935BDFA2936A60800B06292 /* HealthModel.swift */,
			);
			path = HealthView;
			sourceTree = "<group>";
		};
		7935BDFC2936B84B00B06292 /* Views */ = {
			isa = PBXGroup;
			children = (
				7935BDFD2936B94500B06292 /* HealthStatisticTVC.swift */,
			);
			path = Views;
			sourceTree = "<group>";
		};
		793A4B50293961AC00325DE8 /* CalendarView */ = {
			isa = PBXGroup;
			children = (
				793A4B51293961B800325DE8 /* CalendarView.swift */,
				793A4B53293961C100325DE8 /* CalendarPresenter.swift */,
			);
			path = CalendarView;
			sourceTree = "<group>";
		};
		79524D87292C00D300C943CB /* ReusableViews */ = {
			isa = PBXGroup;
			children = (
				79524D9E292D841100C943CB /* InfoUIView.swift */,
				79524D8A292C013000C943CB /* DefaultAppButton.swift */,
				7935BDF329367E0900B06292 /* PopUpView.swift */,
			);
			path = ReusableViews;
			sourceTree = "<group>";
		};
		79524D8F292C0B8800C943CB /* Localized */ = {
			isa = PBXGroup;
			children = (
				79524D94292C0BA300C943CB /* RestoreDataViewLocalized.strings */,
			);
			path = Localized;
			sourceTree = "<group>";
		};
		79524D98292D28A100C943CB /* View */ = {
			isa = PBXGroup;
			children = (
				79524DA2292F93E200C943CB /* AllTimeStatisticTVC.swift */,
			);
			path = View;
			sourceTree = "<group>";
		};
		79524DA92930227000C943CB /* MVP */ = {
			isa = PBXGroup;
			children = (
				7976BE62291EB5B200F0EB20 /* AssemblerBuilderProtocol.swift */,
				79524DAA2930228200C943CB /* Router.swift */,
			);
			path = MVP;
			sourceTree = "<group>";
		};
		79524DAC2930EABB00C943CB /* VCs */ = {
			isa = PBXGroup;
			children = (
				793A4B50293961AC00325DE8 /* CalendarView */,
				799448682937992B00E85E7E /* MoneyView */,
				7935BDF52936A5E500B06292 /* HealthView */,
				7935BDE5293404F600B06292 /* VisualizeView */,
				79524DAD2930EAD600C943CB /* SmokeView */,
				798993CD292ADC9C006EE79A /* ResotreDataView */,
				79524D87292C00D300C943CB /* ReusableViews */,
				7976BE64291EBF1F00F0EB20 /* HomeView */,
			);
			path = VCs;
			sourceTree = "<group>";
		};
		79524DAD2930EAD600C943CB /* SmokeView */ = {
			isa = PBXGroup;
			children = (
				79524DB2293161DE00C943CB /* View */,
				79524DAE293118D800C943CB /* SmokeViewPresenter.swift */,
				79524DB3293161E800C943CB /* SmokeButton.swift */,
				79524DB0293118E300C943CB /* SmokeViewVC.swift */,
			);
			path = SmokeView;
			sourceTree = "<group>";
		};
		79524DB2293161DE00C943CB /* View */ = {
			isa = PBXGroup;
			children = (
				79524DB529316F9900C943CB /* TodayInfoTVC.swift */,
			);
			path = View;
			sourceTree = "<group>";
		};
		7976BE41291EA40400F0EB20 = {
			isa = PBXGroup;
			children = (
				7976BE4C291EA40400F0EB20 /* StopSmoke */,
				7976BE4B291EA40400F0EB20 /* Products */,
				CD069B7C33DF8AAEF399F12F /* Pods */,
				05C57A9F9ED0DCD233F9ADA0 /* Frameworks */,
			);
			sourceTree = "<group>";
		};
		7976BE4B291EA40400F0EB20 /* Products */ = {
			isa = PBXGroup;
			children = (
				7976BE4A291EA40400F0EB20 /* StopSmoke.app */,
			);
			name = Products;
			sourceTree = "<group>";
		};
		7976BE4C291EA40400F0EB20 /* StopSmoke */ = {
			isa = PBXGroup;
			children = (
				79524DAC2930EABB00C943CB /* VCs */,
				798993D2292AE4D9006EE79A /* Extension */,
				7976BE67291ED7EB00F0EB20 /* Managers */,
				7976BE61291EB5A100F0EB20 /* ProjectFiles */,
				7976BE56291EA40800F0EB20 /* Assets.xcassets */,
				7976BE58291EA40800F0EB20 /* LaunchScreen.storyboard */,
				7976BE5B291EA40800F0EB20 /* Info.plist */,
				7935BDF12935691600B06292 /* Images.xcassets */,
			);
			path = StopSmoke;
			sourceTree = "<group>";
		};
		7976BE61291EB5A100F0EB20 /* ProjectFiles */ = {
			isa = PBXGroup;
			children = (
				79524DA92930227000C943CB /* MVP */,
				7976BE4D291EA40400F0EB20 /* AppDelegate.swift */,
				7976BE4F291EA40400F0EB20 /* SceneDelegate.swift */,
			);
			path = ProjectFiles;
			sourceTree = "<group>";
		};
		7976BE64291EBF1F00F0EB20 /* HomeView */ = {
			isa = PBXGroup;
			children = (
				79524D98292D28A100C943CB /* View */,
				7976BE51291EA40400F0EB20 /* HomeVC.swift */,
				7976BE65291EBF3900F0EB20 /* HomePresenter.swift */,
			);
			path = HomeView;
			sourceTree = "<group>";
		};
		7976BE67291ED7EB00F0EB20 /* Managers */ = {
			isa = PBXGroup;
			children = (
				7994488B2938193900E85E7E /* UserdefaultsManager */,
				7976BE68291ED7FD00F0EB20 /* CoreData */,
			);
			path = Managers;
			sourceTree = "<group>";
		};
		7976BE68291ED7FD00F0EB20 /* CoreData */ = {
			isa = PBXGroup;
			children = (
				799448822937AF0400E85E7E /* CoreDataPacks */,
				79AB1210292290A2008C5A2B /* CoreDataModels */,
				7976BE69291EDDF900F0EB20 /* StopSmokeModel.xcdatamodeld */,
				798993C229250854006EE79A /* CoreDataManager.swift */,
			);
			path = CoreData;
			sourceTree = "<group>";
		};
		798993CD292ADC9C006EE79A /* ResotreDataView */ = {
			isa = PBXGroup;
			children = (
				79524D8F292C0B8800C943CB /* Localized */,
				798993CE292ADCB6006EE79A /* RestoreDataView.swift */,
				798993D0292ADCC0006EE79A /* RestoreDataPresenter.swift */,
			);
			path = ResotreDataView;
			sourceTree = "<group>";
		};
		798993D2292AE4D9006EE79A /* Extension */ = {
			isa = PBXGroup;
			children = (
				798993D3292AE4E4006EE79A /* CalendatExtension.swift */,
				79524D8C292C03BF00C943CB /* ColorExtension.swift */,
				79524D96292C0CD000C943CB /* LocalizeExtension.swift */,
				79524DA0292EBCF600C943CB /* DateExtension.swift */,
				79524DB7293174FD00C943CB /* IntExtension.swift */,
				7935BDE32933FEE400B06292 /* ImageExtension.swift */,
				799448892937C6A400E85E7E /* DoubleExtension.swift */,
				792ECCD1293AB554009FD5FB /* StringExtension.swift */,
			);
			path = Extension;
			sourceTree = "<group>";
		};
		799448682937992B00E85E7E /* MoneyView */ = {
			isa = PBXGroup;
			children = (
				7994486B2937A9C800E85E7E /* View */,
				799448662937992500E85E7E /* MoneyVC.swift */,
				799448692937993A00E85E7E /* MoneyPresenter.swift */,
			);
			path = MoneyView;
			sourceTree = "<group>";
		};
		7994486B2937A9C800E85E7E /* View */ = {
			isa = PBXGroup;
			children = (
				7994486C2937A9D300E85E7E /* SaveButton.swift */,
				799448872937B24300E85E7E /* CigarettePackTVC.swift */,
			);
			path = View;
			sourceTree = "<group>";
		};
		799448822937AF0400E85E7E /* CoreDataPacks */ = {
			isa = PBXGroup;
			children = (
				799448842937AF2600E85E7E /* CigarettePacks+CoreDataClass.swift */,
				799448832937AF2600E85E7E /* CigarettePacks+CoreDataProperties.swift */,
			);
			path = CoreDataPacks;
			sourceTree = "<group>";
		};
		7994488B2938193900E85E7E /* UserdefaultsManager */ = {
			isa = PBXGroup;
			children = (
				7994488D293819CE00E85E7E /* UserDefaultsManager.swift */,
			);
			path = UserdefaultsManager;
			sourceTree = "<group>";
		};
		79AB1210292290A2008C5A2B /* CoreDataModels */ = {
			isa = PBXGroup;
			children = (
				792A88FE293D670100DEBF66 /* Day+CoreDataClass.swift */,
				792A88FF293D670100DEBF66 /* Day+CoreDataProperties.swift */,
				798993C5292ADAF8006EE79A /* DayInfo+CoreDataClass.swift */,
				798993C6292ADAF8006EE79A /* DayInfo+CoreDataProperties.swift */,
			);
			path = CoreDataModels;
			sourceTree = "<group>";
		};
		CD069B7C33DF8AAEF399F12F /* Pods */ = {
			isa = PBXGroup;
			children = (
				D12D4A2D65AC1FDFCE800D6A /* Pods-StopSmoke.debug.xcconfig */,
				B874196A24430E6E1099AF5A /* Pods-StopSmoke.release.xcconfig */,
			);
			path = Pods;
			sourceTree = "<group>";
		};
/* End PBXGroup section */

/* Begin PBXNativeTarget section */
		7976BE49291EA40400F0EB20 /* StopSmoke */ = {
			isa = PBXNativeTarget;
			buildConfigurationList = 7976BE5E291EA40800F0EB20 /* Build configuration list for PBXNativeTarget "StopSmoke" */;
			buildPhases = (
				51627B76EC9AF93BEECEABA0 /* [CP] Check Pods Manifest.lock */,
				7976BE46291EA40400F0EB20 /* Sources */,
				7976BE47291EA40400F0EB20 /* Frameworks */,
				7976BE48291EA40400F0EB20 /* Resources */,
				E45A16F20DCB8B1E7245800D /* [CP] Embed Pods Frameworks */,
			);
			buildRules = (
			);
			dependencies = (
			);
			name = StopSmoke;
			productName = StopSmoke;
			productReference = 7976BE4A291EA40400F0EB20 /* StopSmoke.app */;
			productType = "com.apple.product-type.application";
		};
/* End PBXNativeTarget section */

/* Begin PBXProject section */
		7976BE42291EA40400F0EB20 /* Project object */ = {
			isa = PBXProject;
			attributes = {
				BuildIndependentTargetsInParallel = 1;
				LastSwiftUpdateCheck = 1340;
				LastUpgradeCheck = 1340;
				TargetAttributes = {
					7976BE49291EA40400F0EB20 = {
						CreatedOnToolsVersion = 13.4.1;
					};
				};
			};
			buildConfigurationList = 7976BE45291EA40400F0EB20 /* Build configuration list for PBXProject "StopSmoke" */;
			compatibilityVersion = "Xcode 13.0";
			developmentRegion = en;
			hasScannedForEncodings = 0;
			knownRegions = (
				en,
				Base,
				ru,
			);
			mainGroup = 7976BE41291EA40400F0EB20;
			productRefGroup = 7976BE4B291EA40400F0EB20 /* Products */;
			projectDirPath = "";
			projectRoot = "";
			targets = (
				7976BE49291EA40400F0EB20 /* StopSmoke */,
			);
		};
/* End PBXProject section */

/* Begin PBXResourcesBuildPhase section */
		7976BE48291EA40400F0EB20 /* Resources */ = {
			isa = PBXResourcesBuildPhase;
			buildActionMask = 2147483647;
			files = (
				79524D92292C0BA300C943CB /* RestoreDataViewLocalized.strings in Resources */,
				7935BDF22935691600B06292 /* Images.xcassets in Resources */,
				7976BE5A291EA40800F0EB20 /* LaunchScreen.storyboard in Resources */,
				7976BE57291EA40800F0EB20 /* Assets.xcassets in Resources */,
			);
			runOnlyForDeploymentPostprocessing = 0;
		};
/* End PBXResourcesBuildPhase section */

/* Begin PBXShellScriptBuildPhase section */
		51627B76EC9AF93BEECEABA0 /* [CP] Check Pods Manifest.lock */ = {
			isa = PBXShellScriptBuildPhase;
			buildActionMask = 2147483647;
			files = (
			);
			inputFileListPaths = (
			);
			inputPaths = (
				"${PODS_PODFILE_DIR_PATH}/Podfile.lock",
				"${PODS_ROOT}/Manifest.lock",
			);
			name = "[CP] Check Pods Manifest.lock";
			outputFileListPaths = (
			);
			outputPaths = (
				"$(DERIVED_FILE_DIR)/Pods-StopSmoke-checkManifestLockResult.txt",
			);
			runOnlyForDeploymentPostprocessing = 0;
			shellPath = /bin/sh;
			shellScript = "diff \"${PODS_PODFILE_DIR_PATH}/Podfile.lock\" \"${PODS_ROOT}/Manifest.lock\" > /dev/null\nif [ $? != 0 ] ; then\n    # print error to STDERR\n    echo \"error: The sandbox is not in sync with the Podfile.lock. Run 'pod install' or update your CocoaPods installation.\" >&2\n    exit 1\nfi\n# This output is used by Xcode 'outputs' to avoid re-running this script phase.\necho \"SUCCESS\" > \"${SCRIPT_OUTPUT_FILE_0}\"\n";
			showEnvVarsInLog = 0;
		};
		E45A16F20DCB8B1E7245800D /* [CP] Embed Pods Frameworks */ = {
			isa = PBXShellScriptBuildPhase;
			buildActionMask = 2147483647;
			files = (
			);
			inputFileListPaths = (
				"${PODS_ROOT}/Target Support Files/Pods-StopSmoke/Pods-StopSmoke-frameworks-${CONFIGURATION}-input-files.xcfilelist",
			);
			name = "[CP] Embed Pods Frameworks";
			outputFileListPaths = (
				"${PODS_ROOT}/Target Support Files/Pods-StopSmoke/Pods-StopSmoke-frameworks-${CONFIGURATION}-output-files.xcfilelist",
			);
			runOnlyForDeploymentPostprocessing = 0;
			shellPath = /bin/sh;
			shellScript = "\"${PODS_ROOT}/Target Support Files/Pods-StopSmoke/Pods-StopSmoke-frameworks.sh\"\n";
			showEnvVarsInLog = 0;
		};
/* End PBXShellScriptBuildPhase section */

/* Begin PBXSourcesBuildPhase section */
		7976BE46291EA40400F0EB20 /* Sources */ = {
			isa = PBXSourcesBuildPhase;
			buildActionMask = 2147483647;
			files = (
				7935BDF429367E0A00B06292 /* PopUpView.swift in Sources */,
				79524DB629316F9900C943CB /* TodayInfoTVC.swift in Sources */,
				793A4B52293961B800325DE8 /* CalendarView.swift in Sources */,
				793A4B54293961C100325DE8 /* CalendarPresenter.swift in Sources */,
				799448852937AF2600E85E7E /* CigarettePacks+CoreDataProperties.swift in Sources */,
				7976BE52291EA40400F0EB20 /* HomeVC.swift in Sources */,
				79524DA3292F93E200C943CB /* AllTimeStatisticTVC.swift in Sources */,
				7935BDF72936A5F500B06292 /* HealthPresenter.swift in Sources */,
				7935BDE7293405E600B06292 /* VisualizePresenter.swift in Sources */,
				79524DA1292EBCF600C943CB /* DateExtension.swift in Sources */,
				7976BE4E291EA40400F0EB20 /* AppDelegate.swift in Sources */,
				7976BE50291EA40400F0EB20 /* SceneDelegate.swift in Sources */,
				79524D9F292D841100C943CB /* InfoUIView.swift in Sources */,
				79524DB8293174FD00C943CB /* IntExtension.swift in Sources */,
				798993C9292ADAF8006EE79A /* DayInfo+CoreDataClass.swift in Sources */,
				799448862937AF2600E85E7E /* CigarettePacks+CoreDataClass.swift in Sources */,
				79524DB4293161E800C943CB /* SmokeButton.swift in Sources */,
				7976BE6B291EDDF900F0EB20 /* StopSmokeModel.xcdatamodeld in Sources */,
				792ECCD2293AB554009FD5FB /* StringExtension.swift in Sources */,
				7994486D2937A9D300E85E7E /* SaveButton.swift in Sources */,
				7935BDEB2935146600B06292 /* VisualizeModel.swift in Sources */,
				798993CA292ADAF8006EE79A /* DayInfo+CoreDataProperties.swift in Sources */,
				7935BDF92936A60000B06292 /* HealthVC.swift in Sources */,
				79524DAF293118D800C943CB /* SmokeViewPresenter.swift in Sources */,
				792A8900293D670100DEBF66 /* Day+CoreDataClass.swift in Sources */,
				798993D1292ADCC0006EE79A /* RestoreDataPresenter.swift in Sources */,
				799448672937992500E85E7E /* MoneyVC.swift in Sources */,
				79524DAB2930228200C943CB /* Router.swift in Sources */,
				79524D8B292C013000C943CB /* DefaultAppButton.swift in Sources */,
				7935BDEE2935445B00B06292 /* NumberOfCigarettesView.swift in Sources */,
				7935BDE9293405ED00B06292 /* VisualizeVC.swift in Sources */,
				7935BDE42933FEE500B06292 /* ImageExtension.swift in Sources */,
				798993D4292AE4E4006EE79A /* CalendatExtension.swift in Sources */,
				7935BDF0293559B600B06292 /* VisualizeTVC.swift in Sources */,
				7994486A2937993A00E85E7E /* MoneyPresenter.swift in Sources */,
				7976BE66291EBF3900F0EB20 /* HomePresenter.swift in Sources */,
				792A8901293D670100DEBF66 /* Day+CoreDataProperties.swift in Sources */,
				79524D8D292C03BF00C943CB /* ColorExtension.swift in Sources */,
				79524D97292C0CD000C943CB /* LocalizeExtension.swift in Sources */,
				7935BDFE2936B94500B06292 /* HealthStatisticTVC.swift in Sources */,
				7994488A2937C6A400E85E7E /* DoubleExtension.swift in Sources */,
				7976BE63291EB5B200F0EB20 /* AssemblerBuilderProtocol.swift in Sources */,
				798993CF292ADCB6006EE79A /* RestoreDataView.swift in Sources */,
				79524DB1293118E300C943CB /* SmokeViewVC.swift in Sources */,
				7994488E293819CE00E85E7E /* UserDefaultsManager.swift in Sources */,
				7935BDFB2936A60800B06292 /* HealthModel.swift in Sources */,
				799448882937B24300E85E7E /* CigarettePackTVC.swift in Sources */,
				798993C329250854006EE79A /* CoreDataManager.swift in Sources */,
			);
			runOnlyForDeploymentPostprocessing = 0;
		};
/* End PBXSourcesBuildPhase section */

/* Begin PBXVariantGroup section */
		79524D94292C0BA300C943CB /* RestoreDataViewLocalized.strings */ = {
			isa = PBXVariantGroup;
			children = (
				79524D93292C0BA300C943CB /* en */,
				79524D95292C0BA400C943CB /* ru */,
			);
			name = RestoreDataViewLocalized.strings;
			sourceTree = "<group>";
		};
		7976BE58291EA40800F0EB20 /* LaunchScreen.storyboard */ = {
			isa = PBXVariantGroup;
			children = (
				7976BE59291EA40800F0EB20 /* Base */,
				79524D8E292C0B8300C943CB /* ru */,
			);
			name = LaunchScreen.storyboard;
			sourceTree = "<group>";
		};
/* End PBXVariantGroup section */

/* Begin XCBuildConfiguration section */
		7976BE5C291EA40800F0EB20 /* Debug */ = {
			isa = XCBuildConfiguration;
			buildSettings = {
				ALWAYS_SEARCH_USER_PATHS = NO;
				CLANG_ANALYZER_LOCALIZABILITY_NONLOCALIZED = YES;
				CLANG_ANALYZER_NONNULL = YES;
				CLANG_ANALYZER_NUMBER_OBJECT_CONVERSION = YES_AGGRESSIVE;
				CLANG_CXX_LANGUAGE_STANDARD = "gnu++17";
				CLANG_ENABLE_MODULES = YES;
				CLANG_ENABLE_OBJC_ARC = YES;
				CLANG_ENABLE_OBJC_WEAK = YES;
				CLANG_WARN_BLOCK_CAPTURE_AUTORELEASING = YES;
				CLANG_WARN_BOOL_CONVERSION = YES;
				CLANG_WARN_COMMA = YES;
				CLANG_WARN_CONSTANT_CONVERSION = YES;
				CLANG_WARN_DEPRECATED_OBJC_IMPLEMENTATIONS = YES;
				CLANG_WARN_DIRECT_OBJC_ISA_USAGE = YES_ERROR;
				CLANG_WARN_DOCUMENTATION_COMMENTS = YES;
				CLANG_WARN_EMPTY_BODY = YES;
				CLANG_WARN_ENUM_CONVERSION = YES;
				CLANG_WARN_INFINITE_RECURSION = YES;
				CLANG_WARN_INT_CONVERSION = YES;
				CLANG_WARN_NON_LITERAL_NULL_CONVERSION = YES;
				CLANG_WARN_OBJC_IMPLICIT_RETAIN_SELF = YES;
				CLANG_WARN_OBJC_LITERAL_CONVERSION = YES;
				CLANG_WARN_OBJC_ROOT_CLASS = YES_ERROR;
				CLANG_WARN_QUOTED_INCLUDE_IN_FRAMEWORK_HEADER = YES;
				CLANG_WARN_RANGE_LOOP_ANALYSIS = YES;
				CLANG_WARN_STRICT_PROTOTYPES = YES;
				CLANG_WARN_SUSPICIOUS_MOVE = YES;
				CLANG_WARN_UNGUARDED_AVAILABILITY = YES_AGGRESSIVE;
				CLANG_WARN_UNREACHABLE_CODE = YES;
				CLANG_WARN__DUPLICATE_METHOD_MATCH = YES;
				COPY_PHASE_STRIP = NO;
				DEBUG_INFORMATION_FORMAT = dwarf;
				ENABLE_STRICT_OBJC_MSGSEND = YES;
				ENABLE_TESTABILITY = YES;
				GCC_C_LANGUAGE_STANDARD = gnu11;
				GCC_DYNAMIC_NO_PIC = NO;
				GCC_NO_COMMON_BLOCKS = YES;
				GCC_OPTIMIZATION_LEVEL = 0;
				GCC_PREPROCESSOR_DEFINITIONS = (
					"DEBUG=1",
					"$(inherited)",
				);
				GCC_WARN_64_TO_32_BIT_CONVERSION = YES;
				GCC_WARN_ABOUT_RETURN_TYPE = YES_ERROR;
				GCC_WARN_UNDECLARED_SELECTOR = YES;
				GCC_WARN_UNINITIALIZED_AUTOS = YES_AGGRESSIVE;
				GCC_WARN_UNUSED_FUNCTION = YES;
				GCC_WARN_UNUSED_VARIABLE = YES;
				IPHONEOS_DEPLOYMENT_TARGET = 14.0;
				MTL_ENABLE_DEBUG_INFO = INCLUDE_SOURCE;
				MTL_FAST_MATH = YES;
				ONLY_ACTIVE_ARCH = YES;
				SDKROOT = iphoneos;
				SWIFT_ACTIVE_COMPILATION_CONDITIONS = DEBUG;
				SWIFT_OPTIMIZATION_LEVEL = "-Onone";
			};
			name = Debug;
		};
		7976BE5D291EA40800F0EB20 /* Release */ = {
			isa = XCBuildConfiguration;
			buildSettings = {
				ALWAYS_SEARCH_USER_PATHS = NO;
				CLANG_ANALYZER_LOCALIZABILITY_NONLOCALIZED = YES;
				CLANG_ANALYZER_NONNULL = YES;
				CLANG_ANALYZER_NUMBER_OBJECT_CONVERSION = YES_AGGRESSIVE;
				CLANG_CXX_LANGUAGE_STANDARD = "gnu++17";
				CLANG_ENABLE_MODULES = YES;
				CLANG_ENABLE_OBJC_ARC = YES;
				CLANG_ENABLE_OBJC_WEAK = YES;
				CLANG_WARN_BLOCK_CAPTURE_AUTORELEASING = YES;
				CLANG_WARN_BOOL_CONVERSION = YES;
				CLANG_WARN_COMMA = YES;
				CLANG_WARN_CONSTANT_CONVERSION = YES;
				CLANG_WARN_DEPRECATED_OBJC_IMPLEMENTATIONS = YES;
				CLANG_WARN_DIRECT_OBJC_ISA_USAGE = YES_ERROR;
				CLANG_WARN_DOCUMENTATION_COMMENTS = YES;
				CLANG_WARN_EMPTY_BODY = YES;
				CLANG_WARN_ENUM_CONVERSION = YES;
				CLANG_WARN_INFINITE_RECURSION = YES;
				CLANG_WARN_INT_CONVERSION = YES;
				CLANG_WARN_NON_LITERAL_NULL_CONVERSION = YES;
				CLANG_WARN_OBJC_IMPLICIT_RETAIN_SELF = YES;
				CLANG_WARN_OBJC_LITERAL_CONVERSION = YES;
				CLANG_WARN_OBJC_ROOT_CLASS = YES_ERROR;
				CLANG_WARN_QUOTED_INCLUDE_IN_FRAMEWORK_HEADER = YES;
				CLANG_WARN_RANGE_LOOP_ANALYSIS = YES;
				CLANG_WARN_STRICT_PROTOTYPES = YES;
				CLANG_WARN_SUSPICIOUS_MOVE = YES;
				CLANG_WARN_UNGUARDED_AVAILABILITY = YES_AGGRESSIVE;
				CLANG_WARN_UNREACHABLE_CODE = YES;
				CLANG_WARN__DUPLICATE_METHOD_MATCH = YES;
				COPY_PHASE_STRIP = NO;
				DEBUG_INFORMATION_FORMAT = "dwarf-with-dsym";
				ENABLE_NS_ASSERTIONS = NO;
				ENABLE_STRICT_OBJC_MSGSEND = YES;
				GCC_C_LANGUAGE_STANDARD = gnu11;
				GCC_NO_COMMON_BLOCKS = YES;
				GCC_WARN_64_TO_32_BIT_CONVERSION = YES;
				GCC_WARN_ABOUT_RETURN_TYPE = YES_ERROR;
				GCC_WARN_UNDECLARED_SELECTOR = YES;
				GCC_WARN_UNINITIALIZED_AUTOS = YES_AGGRESSIVE;
				GCC_WARN_UNUSED_FUNCTION = YES;
				GCC_WARN_UNUSED_VARIABLE = YES;
				IPHONEOS_DEPLOYMENT_TARGET = 14.0;
				MTL_ENABLE_DEBUG_INFO = NO;
				MTL_FAST_MATH = YES;
				SDKROOT = iphoneos;
				SWIFT_COMPILATION_MODE = wholemodule;
				SWIFT_OPTIMIZATION_LEVEL = "-O";
				VALIDATE_PRODUCT = YES;
			};
			name = Release;
		};
		7976BE5F291EA40800F0EB20 /* Debug */ = {
			isa = XCBuildConfiguration;
			baseConfigurationReference = D12D4A2D65AC1FDFCE800D6A /* Pods-StopSmoke.debug.xcconfig */;
			buildSettings = {
				ASSETCATALOG_COMPILER_APPICON_NAME = AppIcon;
				ASSETCATALOG_COMPILER_GLOBAL_ACCENT_COLOR_NAME = AccentColor;
				CODE_SIGN_STYLE = Automatic;
				CURRENT_PROJECT_VERSION = 1;
				DEVELOPMENT_TEAM = 94NXG6MS9C;
				GENERATE_INFOPLIST_FILE = YES;
				INFOPLIST_FILE = StopSmoke/Info.plist;
				INFOPLIST_KEY_UIApplicationSupportsIndirectInputEvents = YES;
				INFOPLIST_KEY_UILaunchStoryboardName = LaunchScreen;
				INFOPLIST_KEY_UISupportedInterfaceOrientations = UIInterfaceOrientationPortrait;
				INFOPLIST_KEY_UISupportedInterfaceOrientations_iPad = "UIInterfaceOrientationPortrait UIInterfaceOrientationPortraitUpsideDown UIInterfaceOrientationLandscapeLeft UIInterfaceOrientationLandscapeRight";
				INFOPLIST_KEY_UISupportedInterfaceOrientations_iPhone = "UIInterfaceOrientationPortrait UIInterfaceOrientationLandscapeLeft UIInterfaceOrientationLandscapeRight";
				IPHONEOS_DEPLOYMENT_TARGET = 14.0;
				LD_RUNPATH_SEARCH_PATHS = (
					"$(inherited)",
					"@executable_path/Frameworks",
				);
				MARKETING_VERSION = 1.0;
				PRODUCT_BUNDLE_IDENTIFIER = Whmara.StopSmoke;
				PRODUCT_NAME = "$(TARGET_NAME)";
				SWIFT_EMIT_LOC_STRINGS = YES;
				SWIFT_VERSION = 5.0;
				TARGETED_DEVICE_FAMILY = "1,2";
			};
			name = Debug;
		};
		7976BE60291EA40800F0EB20 /* Release */ = {
			isa = XCBuildConfiguration;
			baseConfigurationReference = B874196A24430E6E1099AF5A /* Pods-StopSmoke.release.xcconfig */;
			buildSettings = {
				ASSETCATALOG_COMPILER_APPICON_NAME = AppIcon;
				ASSETCATALOG_COMPILER_GLOBAL_ACCENT_COLOR_NAME = AccentColor;
				CODE_SIGN_STYLE = Automatic;
				CURRENT_PROJECT_VERSION = 1;
				DEVELOPMENT_TEAM = 94NXG6MS9C;
				GENERATE_INFOPLIST_FILE = YES;
				INFOPLIST_FILE = StopSmoke/Info.plist;
				INFOPLIST_KEY_UIApplicationSupportsIndirectInputEvents = YES;
				INFOPLIST_KEY_UILaunchStoryboardName = LaunchScreen;
				INFOPLIST_KEY_UISupportedInterfaceOrientations = UIInterfaceOrientationPortrait;
				INFOPLIST_KEY_UISupportedInterfaceOrientations_iPad = "UIInterfaceOrientationPortrait UIInterfaceOrientationPortraitUpsideDown UIInterfaceOrientationLandscapeLeft UIInterfaceOrientationLandscapeRight";
				INFOPLIST_KEY_UISupportedInterfaceOrientations_iPhone = "UIInterfaceOrientationPortrait UIInterfaceOrientationLandscapeLeft UIInterfaceOrientationLandscapeRight";
				IPHONEOS_DEPLOYMENT_TARGET = 14.0;
				LD_RUNPATH_SEARCH_PATHS = (
					"$(inherited)",
					"@executable_path/Frameworks",
				);
				MARKETING_VERSION = 1.0;
				PRODUCT_BUNDLE_IDENTIFIER = Whmara.StopSmoke;
				PRODUCT_NAME = "$(TARGET_NAME)";
				SWIFT_EMIT_LOC_STRINGS = YES;
				SWIFT_VERSION = 5.0;
				TARGETED_DEVICE_FAMILY = "1,2";
			};
			name = Release;
		};
/* End XCBuildConfiguration section */

/* Begin XCConfigurationList section */
		7976BE45291EA40400F0EB20 /* Build configuration list for PBXProject "StopSmoke" */ = {
			isa = XCConfigurationList;
			buildConfigurations = (
				7976BE5C291EA40800F0EB20 /* Debug */,
				7976BE5D291EA40800F0EB20 /* Release */,
			);
			defaultConfigurationIsVisible = 0;
			defaultConfigurationName = Release;
		};
		7976BE5E291EA40800F0EB20 /* Build configuration list for PBXNativeTarget "StopSmoke" */ = {
			isa = XCConfigurationList;
			buildConfigurations = (
				7976BE5F291EA40800F0EB20 /* Debug */,
				7976BE60291EA40800F0EB20 /* Release */,
			);
			defaultConfigurationIsVisible = 0;
			defaultConfigurationName = Release;
		};
/* End XCConfigurationList section */

/* Begin XCVersionGroup section */
		7976BE69291EDDF900F0EB20 /* StopSmokeModel.xcdatamodeld */ = {
			isa = XCVersionGroup;
			children = (
				7976BE6A291EDDF900F0EB20 /* StopSmokeModel.xcdatamodel */,
			);
			currentVersion = 7976BE6A291EDDF900F0EB20 /* StopSmokeModel.xcdatamodel */;
			path = StopSmokeModel.xcdatamodeld;
			sourceTree = "<group>";
			versionGroupType = wrapper.xcdatamodel;
		};
/* End XCVersionGroup section */
	};
	rootObject = 7976BE42291EA40400F0EB20 /* Project object */;
}
