// !$*UTF8*$!
{
	archiveVersion = 1;
	classes = {
	};
	objectVersion = 55;
	objects = {

/* Begin PBXBuildFile section */
		79524D8B292C013000C943CB /* DefaultAppButton.swift in Sources */ = {isa = PBXBuildFile; fileRef = 79524D8A292C013000C943CB /* DefaultAppButton.swift */; };
		79524D8D292C03BF00C943CB /* ColorExtension.swift in Sources */ = {isa = PBXBuildFile; fileRef = 79524D8C292C03BF00C943CB /* ColorExtension.swift */; };
		79524D92292C0BA300C943CB /* RestoreDataViewLocalized.strings in Resources */ = {isa = PBXBuildFile; fileRef = 79524D94292C0BA300C943CB /* RestoreDataViewLocalized.strings */; };
		79524D97292C0CD000C943CB /* LocalizeExtension.swift in Sources */ = {isa = PBXBuildFile; fileRef = 79524D96292C0CD000C943CB /* LocalizeExtension.swift */; };
		79524D9F292D841100C943CB /* InfoUIView.swift in Sources */ = {isa = PBXBuildFile; fileRef = 79524D9E292D841100C943CB /* InfoUIView.swift */; };
		79524DA1292EBCF600C943CB /* DateExtension.swift in Sources */ = {isa = PBXBuildFile; fileRef = 79524DA0292EBCF600C943CB /* DateExtension.swift */; };
		79524DA3292F93E200C943CB /* AllTimeStatisticTVC.swift in Sources */ = {isa = PBXBuildFile; fileRef = 79524DA2292F93E200C943CB /* AllTimeStatisticTVC.swift */; };
		7976BE4E291EA40400F0EB20 /* AppDelegate.swift in Sources */ = {isa = PBXBuildFile; fileRef = 7976BE4D291EA40400F0EB20 /* AppDelegate.swift */; };
		7976BE50291EA40400F0EB20 /* SceneDelegate.swift in Sources */ = {isa = PBXBuildFile; fileRef = 7976BE4F291EA40400F0EB20 /* SceneDelegate.swift */; };
		7976BE52291EA40400F0EB20 /* HomeVC.swift in Sources */ = {isa = PBXBuildFile; fileRef = 7976BE51291EA40400F0EB20 /* HomeVC.swift */; };
		7976BE57291EA40800F0EB20 /* Assets.xcassets in Resources */ = {isa = PBXBuildFile; fileRef = 7976BE56291EA40800F0EB20 /* Assets.xcassets */; };
		7976BE5A291EA40800F0EB20 /* LaunchScreen.storyboard in Resources */ = {isa = PBXBuildFile; fileRef = 7976BE58291EA40800F0EB20 /* LaunchScreen.storyboard */; };
		7976BE63291EB5B200F0EB20 /* Builder.swift in Sources */ = {isa = PBXBuildFile; fileRef = 7976BE62291EB5B200F0EB20 /* Builder.swift */; };
		7976BE66291EBF3900F0EB20 /* HomePresenter.swift in Sources */ = {isa = PBXBuildFile; fileRef = 7976BE65291EBF3900F0EB20 /* HomePresenter.swift */; };
		7976BE6B291EDDF900F0EB20 /* StopSmokeModel.xcdatamodeld in Sources */ = {isa = PBXBuildFile; fileRef = 7976BE69291EDDF900F0EB20 /* StopSmokeModel.xcdatamodeld */; };
		798993C329250854006EE79A /* CoreDataManager.swift in Sources */ = {isa = PBXBuildFile; fileRef = 798993C229250854006EE79A /* CoreDataManager.swift */; };
		798993C9292ADAF8006EE79A /* DayInfo+CoreDataClass.swift in Sources */ = {isa = PBXBuildFile; fileRef = 798993C5292ADAF8006EE79A /* DayInfo+CoreDataClass.swift */; };
		798993CA292ADAF8006EE79A /* DayInfo+CoreDataProperties.swift in Sources */ = {isa = PBXBuildFile; fileRef = 798993C6292ADAF8006EE79A /* DayInfo+CoreDataProperties.swift */; };
		798993CB292ADAF8006EE79A /* Day+CoreDataClass.swift in Sources */ = {isa = PBXBuildFile; fileRef = 798993C7292ADAF8006EE79A /* Day+CoreDataClass.swift */; };
		798993CC292ADAF8006EE79A /* Day+CoreDataProperties.swift in Sources */ = {isa = PBXBuildFile; fileRef = 798993C8292ADAF8006EE79A /* Day+CoreDataProperties.swift */; };
		798993CF292ADCB6006EE79A /* RestoreDataView.swift in Sources */ = {isa = PBXBuildFile; fileRef = 798993CE292ADCB6006EE79A /* RestoreDataView.swift */; };
		798993D1292ADCC0006EE79A /* RestoreDataPresenter.swift in Sources */ = {isa = PBXBuildFile; fileRef = 798993D0292ADCC0006EE79A /* RestoreDataPresenter.swift */; };
		798993D4292AE4E4006EE79A /* CalendatExtension.swift in Sources */ = {isa = PBXBuildFile; fileRef = 798993D3292AE4E4006EE79A /* CalendatExtension.swift */; };
/* End PBXBuildFile section */

/* Begin PBXFileReference section */
		79524D8A292C013000C943CB /* DefaultAppButton.swift */ = {isa = PBXFileReference; lastKnownFileType = sourcecode.swift; path = DefaultAppButton.swift; sourceTree = "<group>"; };
		79524D8C292C03BF00C943CB /* ColorExtension.swift */ = {isa = PBXFileReference; lastKnownFileType = sourcecode.swift; path = ColorExtension.swift; sourceTree = "<group>"; };
		79524D8E292C0B8300C943CB /* ru */ = {isa = PBXFileReference; lastKnownFileType = text.plist.strings; name = ru; path = ru.lproj/LaunchScreen.strings; sourceTree = "<group>"; };
		79524D93292C0BA300C943CB /* en */ = {isa = PBXFileReference; lastKnownFileType = text.plist.strings; name = en; path = en.lproj/RestoreDataViewLocalized.strings; sourceTree = "<group>"; };
		79524D95292C0BA400C943CB /* ru */ = {isa = PBXFileReference; lastKnownFileType = text.plist.strings; name = ru; path = ru.lproj/RestoreDataViewLocalized.strings; sourceTree = "<group>"; };
		79524D96292C0CD000C943CB /* LocalizeExtension.swift */ = {isa = PBXFileReference; lastKnownFileType = sourcecode.swift; path = LocalizeExtension.swift; sourceTree = "<group>"; };
		79524D9E292D841100C943CB /* InfoUIView.swift */ = {isa = PBXFileReference; lastKnownFileType = sourcecode.swift; path = InfoUIView.swift; sourceTree = "<group>"; };
		79524DA0292EBCF600C943CB /* DateExtension.swift */ = {isa = PBXFileReference; lastKnownFileType = sourcecode.swift; path = DateExtension.swift; sourceTree = "<group>"; };
		79524DA2292F93E200C943CB /* AllTimeStatisticTVC.swift */ = {isa = PBXFileReference; lastKnownFileType = sourcecode.swift; path = AllTimeStatisticTVC.swift; sourceTree = "<group>"; };
		7976BE4A291EA40400F0EB20 /* StopSmoke.app */ = {isa = PBXFileReference; explicitFileType = wrapper.application; includeInIndex = 0; path = StopSmoke.app; sourceTree = BUILT_PRODUCTS_DIR; };
		7976BE4D291EA40400F0EB20 /* AppDelegate.swift */ = {isa = PBXFileReference; lastKnownFileType = sourcecode.swift; path = AppDelegate.swift; sourceTree = "<group>"; };
		7976BE4F291EA40400F0EB20 /* SceneDelegate.swift */ = {isa = PBXFileReference; lastKnownFileType = sourcecode.swift; path = SceneDelegate.swift; sourceTree = "<group>"; };
		7976BE51291EA40400F0EB20 /* HomeVC.swift */ = {isa = PBXFileReference; lastKnownFileType = sourcecode.swift; path = HomeVC.swift; sourceTree = "<group>"; };
		7976BE56291EA40800F0EB20 /* Assets.xcassets */ = {isa = PBXFileReference; lastKnownFileType = folder.assetcatalog; path = Assets.xcassets; sourceTree = "<group>"; };
		7976BE59291EA40800F0EB20 /* Base */ = {isa = PBXFileReference; lastKnownFileType = file.storyboard; name = Base; path = Base.lproj/LaunchScreen.storyboard; sourceTree = "<group>"; };
		7976BE5B291EA40800F0EB20 /* Info.plist */ = {isa = PBXFileReference; lastKnownFileType = text.plist.xml; path = Info.plist; sourceTree = "<group>"; };
		7976BE62291EB5B200F0EB20 /* Builder.swift */ = {isa = PBXFileReference; lastKnownFileType = sourcecode.swift; path = Builder.swift; sourceTree = "<group>"; };
		7976BE65291EBF3900F0EB20 /* HomePresenter.swift */ = {isa = PBXFileReference; lastKnownFileType = sourcecode.swift; path = HomePresenter.swift; sourceTree = "<group>"; };
		7976BE6A291EDDF900F0EB20 /* StopSmokeModel.xcdatamodel */ = {isa = PBXFileReference; lastKnownFileType = wrapper.xcdatamodel; path = StopSmokeModel.xcdatamodel; sourceTree = "<group>"; };
		798993C229250854006EE79A /* CoreDataManager.swift */ = {isa = PBXFileReference; lastKnownFileType = sourcecode.swift; path = CoreDataManager.swift; sourceTree = "<group>"; };
		798993C5292ADAF8006EE79A /* DayInfo+CoreDataClass.swift */ = {isa = PBXFileReference; lastKnownFileType = sourcecode.swift; path = "DayInfo+CoreDataClass.swift"; sourceTree = "<group>"; };
		798993C6292ADAF8006EE79A /* DayInfo+CoreDataProperties.swift */ = {isa = PBXFileReference; lastKnownFileType = sourcecode.swift; path = "DayInfo+CoreDataProperties.swift"; sourceTree = "<group>"; };
		798993C7292ADAF8006EE79A /* Day+CoreDataClass.swift */ = {isa = PBXFileReference; lastKnownFileType = sourcecode.swift; path = "Day+CoreDataClass.swift"; sourceTree = "<group>"; };
		798993C8292ADAF8006EE79A /* Day+CoreDataProperties.swift */ = {isa = PBXFileReference; lastKnownFileType = sourcecode.swift; path = "Day+CoreDataProperties.swift"; sourceTree = "<group>"; };
		798993CE292ADCB6006EE79A /* RestoreDataView.swift */ = {isa = PBXFileReference; lastKnownFileType = sourcecode.swift; path = RestoreDataView.swift; sourceTree = "<group>"; };
		798993D0292ADCC0006EE79A /* RestoreDataPresenter.swift */ = {isa = PBXFileReference; lastKnownFileType = sourcecode.swift; path = RestoreDataPresenter.swift; sourceTree = "<group>"; };
		798993D3292AE4E4006EE79A /* CalendatExtension.swift */ = {isa = PBXFileReference; lastKnownFileType = sourcecode.swift; path = CalendatExtension.swift; sourceTree = "<group>"; };
/* End PBXFileReference section */

/* Begin PBXFrameworksBuildPhase section */
		7976BE47291EA40400F0EB20 /* Frameworks */ = {
			isa = PBXFrameworksBuildPhase;
			buildActionMask = 2147483647;
			files = (
			);
			runOnlyForDeploymentPostprocessing = 0;
		};
/* End PBXFrameworksBuildPhase section */

/* Begin PBXGroup section */
		79524D87292C00D300C943CB /* ReusableViews */ = {
			isa = PBXGroup;
			children = (
				79524D9E292D841100C943CB /* InfoUIView.swift */,
				79524D8A292C013000C943CB /* DefaultAppButton.swift */,
			);
			path = ReusableViews;
			sourceTree = "<group>";
		};
		79524D8F292C0B8800C943CB /* Localized */ = {
			isa = PBXGroup;
			children = (
				79524D94292C0BA300C943CB /* RestoreDataViewLocalized.strings */,
			);
			path = Localized;
			sourceTree = "<group>";
		};
		79524D98292D28A100C943CB /* View */ = {
			isa = PBXGroup;
			children = (
				79524DA2292F93E200C943CB /* AllTimeStatisticTVC.swift */,
			);
			path = View;
			sourceTree = "<group>";
		};
		7976BE41291EA40400F0EB20 = {
			isa = PBXGroup;
			children = (
				7976BE4C291EA40400F0EB20 /* StopSmoke */,
				7976BE4B291EA40400F0EB20 /* Products */,
			);
			sourceTree = "<group>";
		};
		7976BE4B291EA40400F0EB20 /* Products */ = {
			isa = PBXGroup;
			children = (
				7976BE4A291EA40400F0EB20 /* StopSmoke.app */,
			);
			name = Products;
			sourceTree = "<group>";
		};
		7976BE4C291EA40400F0EB20 /* StopSmoke */ = {
			isa = PBXGroup;
			children = (
				79524D87292C00D300C943CB /* ReusableViews */,
				798993D2292AE4D9006EE79A /* Extension */,
				798993CD292ADC9C006EE79A /* ResotreDataView */,
				7976BE67291ED7EB00F0EB20 /* Managers */,
				7976BE64291EBF1F00F0EB20 /* HomeView */,
				7976BE61291EB5A100F0EB20 /* ProjectFiles */,
				7976BE56291EA40800F0EB20 /* Assets.xcassets */,
				7976BE58291EA40800F0EB20 /* LaunchScreen.storyboard */,
				7976BE5B291EA40800F0EB20 /* Info.plist */,
			);
			path = StopSmoke;
			sourceTree = "<group>";
		};
		7976BE61291EB5A100F0EB20 /* ProjectFiles */ = {
			isa = PBXGroup;
			children = (
				7976BE4D291EA40400F0EB20 /* AppDelegate.swift */,
				7976BE4F291EA40400F0EB20 /* SceneDelegate.swift */,
				7976BE62291EB5B200F0EB20 /* Builder.swift */,
			);
			path = ProjectFiles;
			sourceTree = "<group>";
		};
		7976BE64291EBF1F00F0EB20 /* HomeView */ = {
			isa = PBXGroup;
			children = (
				79524D98292D28A100C943CB /* View */,
				7976BE51291EA40400F0EB20 /* HomeVC.swift */,
				7976BE65291EBF3900F0EB20 /* HomePresenter.swift */,
			);
			path = HomeView;
			sourceTree = "<group>";
		};
		7976BE67291ED7EB00F0EB20 /* Managers */ = {
			isa = PBXGroup;
			children = (
				7976BE68291ED7FD00F0EB20 /* CoreData */,
			);
			path = Managers;
			sourceTree = "<group>";
		};
		7976BE68291ED7FD00F0EB20 /* CoreData */ = {
			isa = PBXGroup;
			children = (
				79AB1210292290A2008C5A2B /* CoreDataModels */,
				7976BE69291EDDF900F0EB20 /* StopSmokeModel.xcdatamodeld */,
				798993C229250854006EE79A /* CoreDataManager.swift */,
			);
			path = CoreData;
			sourceTree = "<group>";
		};
		798993CD292ADC9C006EE79A /* ResotreDataView */ = {
			isa = PBXGroup;
			children = (
				79524D8F292C0B8800C943CB /* Localized */,
				798993CE292ADCB6006EE79A /* RestoreDataView.swift */,
				798993D0292ADCC0006EE79A /* RestoreDataPresenter.swift */,
			);
			path = ResotreDataView;
			sourceTree = "<group>";
		};
		798993D2292AE4D9006EE79A /* Extension */ = {
			isa = PBXGroup;
			children = (
				798993D3292AE4E4006EE79A /* CalendatExtension.swift */,
				79524D8C292C03BF00C943CB /* ColorExtension.swift */,
				79524D96292C0CD000C943CB /* LocalizeExtension.swift */,
				79524DA0292EBCF600C943CB /* DateExtension.swift */,
			);
			path = Extension;
			sourceTree = "<group>";
		};
		79AB1210292290A2008C5A2B /* CoreDataModels */ = {
			isa = PBXGroup;
			children = (
				798993C5292ADAF8006EE79A /* DayInfo+CoreDataClass.swift */,
				798993C6292ADAF8006EE79A /* DayInfo+CoreDataProperties.swift */,
				798993C7292ADAF8006EE79A /* Day+CoreDataClass.swift */,
				798993C8292ADAF8006EE79A /* Day+CoreDataProperties.swift */,
			);
			path = CoreDataModels;
			sourceTree = "<group>";
		};
/* End PBXGroup section */

/* Begin PBXNativeTarget section */
		7976BE49291EA40400F0EB20 /* StopSmoke */ = {
			isa = PBXNativeTarget;
			buildConfigurationList = 7976BE5E291EA40800F0EB20 /* Build configuration list for PBXNativeTarget "StopSmoke" */;
			buildPhases = (
				7976BE46291EA40400F0EB20 /* Sources */,
				7976BE47291EA40400F0EB20 /* Frameworks */,
				7976BE48291EA40400F0EB20 /* Resources */,
			);
			buildRules = (
			);
			dependencies = (
			);
			name = StopSmoke;
			productName = StopSmoke;
			productReference = 7976BE4A291EA40400F0EB20 /* StopSmoke.app */;
			productType = "com.apple.product-type.application";
		};
/* End PBXNativeTarget section */

/* Begin PBXProject section */
		7976BE42291EA40400F0EB20 /* Project object */ = {
			isa = PBXProject;
			attributes = {
				BuildIndependentTargetsInParallel = 1;
				LastSwiftUpdateCheck = 1340;
				LastUpgradeCheck = 1340;
				TargetAttributes = {
					7976BE49291EA40400F0EB20 = {
						CreatedOnToolsVersion = 13.4.1;
					};
				};
			};
			buildConfigurationList = 7976BE45291EA40400F0EB20 /* Build configuration list for PBXProject "StopSmoke" */;
			compatibilityVersion = "Xcode 13.0";
			developmentRegion = en;
			hasScannedForEncodings = 0;
			knownRegions = (
				en,
				Base,
				ru,
			);
			mainGroup = 7976BE41291EA40400F0EB20;
			productRefGroup = 7976BE4B291EA40400F0EB20 /* Products */;
			projectDirPath = "";
			projectRoot = "";
			targets = (
				7976BE49291EA40400F0EB20 /* StopSmoke */,
			);
		};
/* End PBXProject section */

/* Begin PBXResourcesBuildPhase section */
		7976BE48291EA40400F0EB20 /* Resources */ = {
			isa = PBXResourcesBuildPhase;
			buildActionMask = 2147483647;
			files = (
				79524D92292C0BA300C943CB /* RestoreDataViewLocalized.strings in Resources */,
				7976BE5A291EA40800F0EB20 /* LaunchScreen.storyboard in Resources */,
				7976BE57291EA40800F0EB20 /* Assets.xcassets in Resources */,
			);
			runOnlyForDeploymentPostprocessing = 0;
		};
/* End PBXResourcesBuildPhase section */

/* Begin PBXSourcesBuildPhase section */
		7976BE46291EA40400F0EB20 /* Sources */ = {
			isa = PBXSourcesBuildPhase;
			buildActionMask = 2147483647;
			files = (
				7976BE52291EA40400F0EB20 /* HomeVC.swift in Sources */,
				79524DA3292F93E200C943CB /* AllTimeStatisticTVC.swift in Sources */,
				79524DA1292EBCF600C943CB /* DateExtension.swift in Sources */,
				7976BE4E291EA40400F0EB20 /* AppDelegate.swift in Sources */,
				7976BE50291EA40400F0EB20 /* SceneDelegate.swift in Sources */,
				79524D9F292D841100C943CB /* InfoUIView.swift in Sources */,
				798993C9292ADAF8006EE79A /* DayInfo+CoreDataClass.swift in Sources */,
				7976BE6B291EDDF900F0EB20 /* StopSmokeModel.xcdatamodeld in Sources */,
				798993CA292ADAF8006EE79A /* DayInfo+CoreDataProperties.swift in Sources */,
				798993D1292ADCC0006EE79A /* RestoreDataPresenter.swift in Sources */,
				79524D8B292C013000C943CB /* DefaultAppButton.swift in Sources */,
				798993D4292AE4E4006EE79A /* CalendatExtension.swift in Sources */,
				798993CC292ADAF8006EE79A /* Day+CoreDataProperties.swift in Sources */,
				7976BE66291EBF3900F0EB20 /* HomePresenter.swift in Sources */,
				79524D8D292C03BF00C943CB /* ColorExtension.swift in Sources */,
				79524D97292C0CD000C943CB /* LocalizeExtension.swift in Sources */,
				7976BE63291EB5B200F0EB20 /* Builder.swift in Sources */,
				798993CF292ADCB6006EE79A /* RestoreDataView.swift in Sources */,
				798993CB292ADAF8006EE79A /* Day+CoreDataClass.swift in Sources */,
				798993C329250854006EE79A /* CoreDataManager.swift in Sources */,
			);
			runOnlyForDeploymentPostprocessing = 0;
		};
/* End PBXSourcesBuildPhase section */

/* Begin PBXVariantGroup section */
		79524D94292C0BA300C943CB /* RestoreDataViewLocalized.strings */ = {
			isa = PBXVariantGroup;
			children = (
				79524D93292C0BA300C943CB /* en */,
				79524D95292C0BA400C943CB /* ru */,
			);
			name = RestoreDataViewLocalized.strings;
			sourceTree = "<group>";
		};
		7976BE58291EA40800F0EB20 /* LaunchScreen.storyboard */ = {
			isa = PBXVariantGroup;
			children = (
				7976BE59291EA40800F0EB20 /* Base */,
				79524D8E292C0B8300C943CB /* ru */,
			);
			name = LaunchScreen.storyboard;
			sourceTree = "<group>";
		};
/* End PBXVariantGroup section */

/* Begin XCBuildConfiguration section */
		7976BE5C291EA40800F0EB20 /* Debug */ = {
			isa = XCBuildConfiguration;
			buildSettings = {
				ALWAYS_SEARCH_USER_PATHS = NO;
				CLANG_ANALYZER_LOCALIZABILITY_NONLOCALIZED = YES;
				CLANG_ANALYZER_NONNULL = YES;
				CLANG_ANALYZER_NUMBER_OBJECT_CONVERSION = YES_AGGRESSIVE;
				CLANG_CXX_LANGUAGE_STANDARD = "gnu++17";
				CLANG_ENABLE_MODULES = YES;
				CLANG_ENABLE_OBJC_ARC = YES;
				CLANG_ENABLE_OBJC_WEAK = YES;
				CLANG_WARN_BLOCK_CAPTURE_AUTORELEASING = YES;
				CLANG_WARN_BOOL_CONVERSION = YES;
				CLANG_WARN_COMMA = YES;
				CLANG_WARN_CONSTANT_CONVERSION = YES;
				CLANG_WARN_DEPRECATED_OBJC_IMPLEMENTATIONS = YES;
				CLANG_WARN_DIRECT_OBJC_ISA_USAGE = YES_ERROR;
				CLANG_WARN_DOCUMENTATION_COMMENTS = YES;
				CLANG_WARN_EMPTY_BODY = YES;
				CLANG_WARN_ENUM_CONVERSION = YES;
				CLANG_WARN_INFINITE_RECURSION = YES;
				CLANG_WARN_INT_CONVERSION = YES;
				CLANG_WARN_NON_LITERAL_NULL_CONVERSION = YES;
				CLANG_WARN_OBJC_IMPLICIT_RETAIN_SELF = YES;
				CLANG_WARN_OBJC_LITERAL_CONVERSION = YES;
				CLANG_WARN_OBJC_ROOT_CLASS = YES_ERROR;
				CLANG_WARN_QUOTED_INCLUDE_IN_FRAMEWORK_HEADER = YES;
				CLANG_WARN_RANGE_LOOP_ANALYSIS = YES;
				CLANG_WARN_STRICT_PROTOTYPES = YES;
				CLANG_WARN_SUSPICIOUS_MOVE = YES;
				CLANG_WARN_UNGUARDED_AVAILABILITY = YES_AGGRESSIVE;
				CLANG_WARN_UNREACHABLE_CODE = YES;
				CLANG_WARN__DUPLICATE_METHOD_MATCH = YES;
				COPY_PHASE_STRIP = NO;
				DEBUG_INFORMATION_FORMAT = dwarf;
				ENABLE_STRICT_OBJC_MSGSEND = YES;
				ENABLE_TESTABILITY = YES;
				GCC_C_LANGUAGE_STANDARD = gnu11;
				GCC_DYNAMIC_NO_PIC = NO;
				GCC_NO_COMMON_BLOCKS = YES;
				GCC_OPTIMIZATION_LEVEL = 0;
				GCC_PREPROCESSOR_DEFINITIONS = (
					"DEBUG=1",
					"$(inherited)",
				);
				GCC_WARN_64_TO_32_BIT_CONVERSION = YES;
				GCC_WARN_ABOUT_RETURN_TYPE = YES_ERROR;
				GCC_WARN_UNDECLARED_SELECTOR = YES;
				GCC_WARN_UNINITIALIZED_AUTOS = YES_AGGRESSIVE;
				GCC_WARN_UNUSED_FUNCTION = YES;
				GCC_WARN_UNUSED_VARIABLE = YES;
				IPHONEOS_DEPLOYMENT_TARGET = 15.5;
				MTL_ENABLE_DEBUG_INFO = INCLUDE_SOURCE;
				MTL_FAST_MATH = YES;
				ONLY_ACTIVE_ARCH = YES;
				SDKROOT = iphoneos;
				SWIFT_ACTIVE_COMPILATION_CONDITIONS = DEBUG;
				SWIFT_OPTIMIZATION_LEVEL = "-Onone";
			};
			name = Debug;
		};
		7976BE5D291EA40800F0EB20 /* Release */ = {
			isa = XCBuildConfiguration;
			buildSettings = {
				ALWAYS_SEARCH_USER_PATHS = NO;
				CLANG_ANALYZER_LOCALIZABILITY_NONLOCALIZED = YES;
				CLANG_ANALYZER_NONNULL = YES;
				CLANG_ANALYZER_NUMBER_OBJECT_CONVERSION = YES_AGGRESSIVE;
				CLANG_CXX_LANGUAGE_STANDARD = "gnu++17";
				CLANG_ENABLE_MODULES = YES;
				CLANG_ENABLE_OBJC_ARC = YES;
				CLANG_ENABLE_OBJC_WEAK = YES;
				CLANG_WARN_BLOCK_CAPTURE_AUTORELEASING = YES;
				CLANG_WARN_BOOL_CONVERSION = YES;
				CLANG_WARN_COMMA = YES;
				CLANG_WARN_CONSTANT_CONVERSION = YES;
				CLANG_WARN_DEPRECATED_OBJC_IMPLEMENTATIONS = YES;
				CLANG_WARN_DIRECT_OBJC_ISA_USAGE = YES_ERROR;
				CLANG_WARN_DOCUMENTATION_COMMENTS = YES;
				CLANG_WARN_EMPTY_BODY = YES;
				CLANG_WARN_ENUM_CONVERSION = YES;
				CLANG_WARN_INFINITE_RECURSION = YES;
				CLANG_WARN_INT_CONVERSION = YES;
				CLANG_WARN_NON_LITERAL_NULL_CONVERSION = YES;
				CLANG_WARN_OBJC_IMPLICIT_RETAIN_SELF = YES;
				CLANG_WARN_OBJC_LITERAL_CONVERSION = YES;
				CLANG_WARN_OBJC_ROOT_CLASS = YES_ERROR;
				CLANG_WARN_QUOTED_INCLUDE_IN_FRAMEWORK_HEADER = YES;
				CLANG_WARN_RANGE_LOOP_ANALYSIS = YES;
				CLANG_WARN_STRICT_PROTOTYPES = YES;
				CLANG_WARN_SUSPICIOUS_MOVE = YES;
				CLANG_WARN_UNGUARDED_AVAILABILITY = YES_AGGRESSIVE;
				CLANG_WARN_UNREACHABLE_CODE = YES;
				CLANG_WARN__DUPLICATE_METHOD_MATCH = YES;
				COPY_PHASE_STRIP = NO;
				DEBUG_INFORMATION_FORMAT = "dwarf-with-dsym";
				ENABLE_NS_ASSERTIONS = NO;
				ENABLE_STRICT_OBJC_MSGSEND = YES;
				GCC_C_LANGUAGE_STANDARD = gnu11;
				GCC_NO_COMMON_BLOCKS = YES;
				GCC_WARN_64_TO_32_BIT_CONVERSION = YES;
				GCC_WARN_ABOUT_RETURN_TYPE = YES_ERROR;
				GCC_WARN_UNDECLARED_SELECTOR = YES;
				GCC_WARN_UNINITIALIZED_AUTOS = YES_AGGRESSIVE;
				GCC_WARN_UNUSED_FUNCTION = YES;
				GCC_WARN_UNUSED_VARIABLE = YES;
				IPHONEOS_DEPLOYMENT_TARGET = 15.5;
				MTL_ENABLE_DEBUG_INFO = NO;
				MTL_FAST_MATH = YES;
				SDKROOT = iphoneos;
				SWIFT_COMPILATION_MODE = wholemodule;
				SWIFT_OPTIMIZATION_LEVEL = "-O";
				VALIDATE_PRODUCT = YES;
			};
			name = Release;
		};
		7976BE5F291EA40800F0EB20 /* Debug */ = {
			isa = XCBuildConfiguration;
			buildSettings = {
				ASSETCATALOG_COMPILER_APPICON_NAME = AppIcon;
				ASSETCATALOG_COMPILER_GLOBAL_ACCENT_COLOR_NAME = AccentColor;
				CODE_SIGN_STYLE = Automatic;
				CURRENT_PROJECT_VERSION = 1;
				DEVELOPMENT_TEAM = 94NXG6MS9C;
				GENERATE_INFOPLIST_FILE = YES;
				INFOPLIST_FILE = StopSmoke/Info.plist;
				INFOPLIST_KEY_UIApplicationSupportsIndirectInputEvents = YES;
				INFOPLIST_KEY_UILaunchStoryboardName = LaunchScreen;
				INFOPLIST_KEY_UISupportedInterfaceOrientations = UIInterfaceOrientationPortrait;
				INFOPLIST_KEY_UISupportedInterfaceOrientations_iPad = "UIInterfaceOrientationPortrait UIInterfaceOrientationPortraitUpsideDown UIInterfaceOrientationLandscapeLeft UIInterfaceOrientationLandscapeRight";
				INFOPLIST_KEY_UISupportedInterfaceOrientations_iPhone = "UIInterfaceOrientationPortrait UIInterfaceOrientationLandscapeLeft UIInterfaceOrientationLandscapeRight";
				IPHONEOS_DEPLOYMENT_TARGET = 14.0;
				LD_RUNPATH_SEARCH_PATHS = (
					"$(inherited)",
					"@executable_path/Frameworks",
				);
				MARKETING_VERSION = 1.0;
				PRODUCT_BUNDLE_IDENTIFIER = Whmara.StopSmoke;
				PRODUCT_NAME = "$(TARGET_NAME)";
				SWIFT_EMIT_LOC_STRINGS = YES;
				SWIFT_VERSION = 5.0;
				TARGETED_DEVICE_FAMILY = "1,2";
			};
			name = Debug;
		};
		7976BE60291EA40800F0EB20 /* Release */ = {
			isa = XCBuildConfiguration;
			buildSettings = {
				ASSETCATALOG_COMPILER_APPICON_NAME = AppIcon;
				ASSETCATALOG_COMPILER_GLOBAL_ACCENT_COLOR_NAME = AccentColor;
				CODE_SIGN_STYLE = Automatic;
				CURRENT_PROJECT_VERSION = 1;
				DEVELOPMENT_TEAM = 94NXG6MS9C;
				GENERATE_INFOPLIST_FILE = YES;
				INFOPLIST_FILE = StopSmoke/Info.plist;
				INFOPLIST_KEY_UIApplicationSupportsIndirectInputEvents = YES;
				INFOPLIST_KEY_UILaunchStoryboardName = LaunchScreen;
				INFOPLIST_KEY_UISupportedInterfaceOrientations = UIInterfaceOrientationPortrait;
				INFOPLIST_KEY_UISupportedInterfaceOrientations_iPad = "UIInterfaceOrientationPortrait UIInterfaceOrientationPortraitUpsideDown UIInterfaceOrientationLandscapeLeft UIInterfaceOrientationLandscapeRight";
				INFOPLIST_KEY_UISupportedInterfaceOrientations_iPhone = "UIInterfaceOrientationPortrait UIInterfaceOrientationLandscapeLeft UIInterfaceOrientationLandscapeRight";
				IPHONEOS_DEPLOYMENT_TARGET = 14.0;
				LD_RUNPATH_SEARCH_PATHS = (
					"$(inherited)",
					"@executable_path/Frameworks",
				);
				MARKETING_VERSION = 1.0;
				PRODUCT_BUNDLE_IDENTIFIER = Whmara.StopSmoke;
				PRODUCT_NAME = "$(TARGET_NAME)";
				SWIFT_EMIT_LOC_STRINGS = YES;
				SWIFT_VERSION = 5.0;
				TARGETED_DEVICE_FAMILY = "1,2";
			};
			name = Release;
		};
/* End XCBuildConfiguration section */

/* Begin XCConfigurationList section */
		7976BE45291EA40400F0EB20 /* Build configuration list for PBXProject "StopSmoke" */ = {
			isa = XCConfigurationList;
			buildConfigurations = (
				7976BE5C291EA40800F0EB20 /* Debug */,
				7976BE5D291EA40800F0EB20 /* Release */,
			);
			defaultConfigurationIsVisible = 0;
			defaultConfigurationName = Release;
		};
		7976BE5E291EA40800F0EB20 /* Build configuration list for PBXNativeTarget "StopSmoke" */ = {
			isa = XCConfigurationList;
			buildConfigurations = (
				7976BE5F291EA40800F0EB20 /* Debug */,
				7976BE60291EA40800F0EB20 /* Release */,
			);
			defaultConfigurationIsVisible = 0;
			defaultConfigurationName = Release;
		};
/* End XCConfigurationList section */

/* Begin XCVersionGroup section */
		7976BE69291EDDF900F0EB20 /* StopSmokeModel.xcdatamodeld */ = {
			isa = XCVersionGroup;
			children = (
				7976BE6A291EDDF900F0EB20 /* StopSmokeModel.xcdatamodel */,
			);
			currentVersion = 7976BE6A291EDDF900F0EB20 /* StopSmokeModel.xcdatamodel */;
			path = StopSmokeModel.xcdatamodeld;
			sourceTree = "<group>";
			versionGroupType = wrapper.xcdatamodel;
		};
/* End XCVersionGroup section */
	};
	rootObject = 7976BE42291EA40400F0EB20 /* Project object */;
}
